// !$*UTF8*$!
{
	archiveVersion = 1;
	classes = {
	};
	objectVersion = 46;
	objects = {

/* Begin PBXBuildFile section */
		F850CB571B660A3C00B62213 /* main.cpp in Sources */ = {isa = PBXBuildFile; fileRef = F850CB561B660A3C00B62213 /* main.cpp */; };
		F850CB651B660C4100B62213 /* Maze.cpp in Sources */ = {isa = PBXBuildFile; fileRef = F850CB631B660C4100B62213 /* Maze.cpp */; };
		F852959C1B67358C00291247 /* Routing.cpp in Sources */ = {isa = PBXBuildFile; fileRef = F852959A1B67358C00291247 /* Routing.cpp */; };
/* End PBXBuildFile section */

/* Begin PBXCopyFilesBuildPhase section */
		F850CB511B660A3C00B62213 /* CopyFiles */ = {
			isa = PBXCopyFilesBuildPhase;
			buildActionMask = 2147483647;
			dstPath = /usr/share/man/man1/;
			dstSubfolderSpec = 0;
			files = (
			);
			runOnlyForDeploymentPostprocessing = 1;
		};
/* End PBXCopyFilesBuildPhase section */

/* Begin PBXFileReference section */
		F850CB531B660A3C00B62213 /* Maze_routing */ = {isa = PBXFileReference; explicitFileType = "compiled.mach-o.executable"; includeInIndex = 0; path = Maze_routing; sourceTree = BUILT_PRODUCTS_DIR; };
		F850CB561B660A3C00B62213 /* main.cpp */ = {isa = PBXFileReference; lastKnownFileType = sourcecode.cpp.cpp; path = main.cpp; sourceTree = "<group>"; };
		F850CB611B660B7C00B62213 /* Coord.h */ = {isa = PBXFileReference; fileEncoding = 4; lastKnownFileType = sourcecode.c.h; path = Coord.h; sourceTree = "<group>"; };
		F850CB631B660C4100B62213 /* Maze.cpp */ = {isa = PBXFileReference; fileEncoding = 4; lastKnownFileType = sourcecode.cpp.cpp; path = Maze.cpp; sourceTree = "<group>"; };
		F850CB641B660C4100B62213 /* Maze.h */ = {isa = PBXFileReference; fileEncoding = 4; lastKnownFileType = sourcecode.c.h; path = Maze.h; sourceTree = "<group>"; };
		F852959A1B67358C00291247 /* Routing.cpp */ = {isa = PBXFileReference; fileEncoding = 4; lastKnownFileType = sourcecode.cpp.cpp; path = Routing.cpp; sourceTree = "<group>"; };
		F852959B1B67358C00291247 /* Routing.h */ = {isa = PBXFileReference; fileEncoding = 4; lastKnownFileType = sourcecode.c.h; path = Routing.h; sourceTree = "<group>"; };
/* End PBXFileReference section */

/* Begin PBXFrameworksBuildPhase section */
		F850CB501B660A3C00B62213 /* Frameworks */ = {
			isa = PBXFrameworksBuildPhase;
			buildActionMask = 2147483647;
			files = (
			);
			runOnlyForDeploymentPostprocessing = 0;
		};
/* End PBXFrameworksBuildPhase section */

/* Begin PBXGroup section */
		F850CB4A1B660A3C00B62213 = {
			isa = PBXGroup;
			children = (
				F850CB551B660A3C00B62213 /* Maze_routing */,
				F850CB541B660A3C00B62213 /* Products */,
			);
			sourceTree = "<group>";
		};
		F850CB541B660A3C00B62213 /* Products */ = {
			isa = PBXGroup;
			children = (
				F850CB531B660A3C00B62213 /* Maze_routing */,
			);
			name = Products;
			sourceTree = "<group>";
		};
		F850CB551B660A3C00B62213 /* Maze_routing */ = {
			isa = PBXGroup;
			children = (
				F850CB561B660A3C00B62213 /* main.cpp */,
				F850CB611B660B7C00B62213 /* Coord.h */,
				F850CB631B660C4100B62213 /* Maze.cpp */,
				F850CB641B660C4100B62213 /* Maze.h */,
				F852959A1B67358C00291247 /* Routing.cpp */,
				F852959B1B67358C00291247 /* Routing.h */,
			);
			path = Maze_routing;
			sourceTree = "<group>";
		};
/* End PBXGroup section */

/* Begin PBXNativeTarget section */
		F850CB521B660A3C00B62213 /* Maze_routing */ = {
			isa = PBXNativeTarget;
			buildConfigurationList = F850CB5A1B660A3C00B62213 /* Build configuration list for PBXNativeTarget "Maze_routing" */;
			buildPhases = (
				F850CB4F1B660A3C00B62213 /* Sources */,
				F850CB501B660A3C00B62213 /* Frameworks */,
				F850CB511B660A3C00B62213 /* CopyFiles */,
			);
			buildRules = (
			);
			dependencies = (
			);
			name = Maze_routing;
			productName = Maze_routing;
			productReference = F850CB531B660A3C00B62213 /* Maze_routing */;
			productType = "com.apple.product-type.tool";
		};
/* End PBXNativeTarget section */

/* Begin PBXProject section */
		F850CB4B1B660A3C00B62213 /* Project object */ = {
			isa = PBXProject;
			attributes = {
				LastUpgradeCheck = 0640;
				ORGANIZATIONNAME = "許佑任";
				TargetAttributes = {
					F850CB521B660A3C00B62213 = {
						CreatedOnToolsVersion = 6.4;
					};
				};
			};
			buildConfigurationList = F850CB4E1B660A3C00B62213 /* Build configuration list for PBXProject "Maze_routing" */;
			compatibilityVersion = "Xcode 3.2";
			developmentRegion = English;
			hasScannedForEncodings = 0;
			knownRegions = (
				en,
			);
			mainGroup = F850CB4A1B660A3C00B62213;
			productRefGroup = F850CB541B660A3C00B62213 /* Products */;
			projectDirPath = "";
			projectRoot = "";
			targets = (
				F850CB521B660A3C00B62213 /* Maze_routing */,
			);
		};
/* End PBXProject section */

/* Begin PBXSourcesBuildPhase section */
		F850CB4F1B660A3C00B62213 /* Sources */ = {
			isa = PBXSourcesBuildPhase;
			buildActionMask = 2147483647;
			files = (
				F852959C1B67358C00291247 /* Routing.cpp in Sources */,
				F850CB651B660C4100B62213 /* Maze.cpp in Sources */,
				F850CB571B660A3C00B62213 /* main.cpp in Sources */,
			);
			runOnlyForDeploymentPostprocessing = 0;
		};
/* End PBXSourcesBuildPhase section */

/* Begin XCBuildConfiguration section */
		F850CB581B660A3C00B62213 /* Debug */ = {
			isa = XCBuildConfiguration;
			buildSettings = {
				ALWAYS_SEARCH_USER_PATHS = NO;
				CLANG_CXX_LANGUAGE_STANDARD = "gnu++0x";
				CLANG_CXX_LIBRARY = "libc++";
				CLANG_ENABLE_MODULES = YES;
				CLANG_ENABLE_OBJC_ARC = YES;
				CLANG_WARN_BOOL_CONVERSION = YES;
				CLANG_WARN_CONSTANT_CONVERSION = YES;
				CLANG_WARN_DIRECT_OBJC_ISA_USAGE = YES_ERROR;
				CLANG_WARN_EMPTY_BODY = YES;
				CLANG_WARN_ENUM_CONVERSION = YES;
				CLANG_WARN_INT_CONVERSION = YES;
				CLANG_WARN_OBJC_ROOT_CLASS = YES_ERROR;
				CLANG_WARN_UNREACHABLE_CODE = YES;
				CLANG_WARN__DUPLICATE_METHOD_MATCH = YES;
				COPY_PHASE_STRIP = NO;
				DEBUG_INFORMATION_FORMAT = dwarf;
				ENABLE_STRICT_OBJC_MSGSEND = YES;
				GCC_C_LANGUAGE_STANDARD = gnu99;
				GCC_DYNAMIC_NO_PIC = NO;
				GCC_NO_COMMON_BLOCKS = YES;
				GCC_OPTIMIZATION_LEVEL = 0;
				GCC_PREPROCESSOR_DEFINITIONS = (
					"DEBUG=1",
					"$(inherited)",
				);
				GCC_SYMBOLS_PRIVATE_EXTERN = NO;
				GCC_WARN_64_TO_32_BIT_CONVERSION = YES;
				GCC_WARN_ABOUT_RETURN_TYPE = YES_ERROR;
				GCC_WARN_UNDECLARED_SELECTOR = YES;
				GCC_WARN_UNINITIALIZED_AUTOS = YES_AGGRESSIVE;
				GCC_WARN_UNUSED_FUNCTION = YES;
				GCC_WARN_UNUSED_VARIABLE = YES;
				MACOSX_DEPLOYMENT_TARGET = 10.10;
				MTL_ENABLE_DEBUG_INFO = YES;
				ONLY_ACTIVE_ARCH = YES;
				SDKROOT = macosx;
			};
			name = Debug;
		};
		F850CB591B660A3C00B62213 /* Release */ = {
			isa = XCBuildConfiguration;
			buildSettings = {
				ALWAYS_SEARCH_USER_PATHS = NO;
				CLANG_CXX_LANGUAGE_STANDARD = "gnu++0x";
				CLANG_CXX_LIBRARY = "libc++";
				CLANG_ENABLE_MODULES = YES;
				CLANG_ENABLE_OBJC_ARC = YES;
				CLANG_WARN_BOOL_CONVERSION = YES;
				CLANG_WARN_CONSTANT_CONVERSION = YES;
				CLANG_WARN_DIRECT_OBJC_ISA_USAGE = YES_ERROR;
				CLANG_WARN_EMPTY_BODY = YES;
				CLANG_WARN_ENUM_CONVERSION = YES;
				CLANG_WARN_INT_CONVERSION = YES;
				CLANG_WARN_OBJC_ROOT_CLASS = YES_ERROR;
				CLANG_WARN_UNREACHABLE_CODE = YES;
				CLANG_WARN__DUPLICATE_METHOD_MATCH = YES;
				COPY_PHASE_STRIP = NO;
				DEBUG_INFORMATION_FORMAT = "dwarf-with-dsym";
				ENABLE_NS_ASSERTIONS = NO;
				ENABLE_STRICT_OBJC_MSGSEND = YES;
				GCC_C_LANGUAGE_STANDARD = gnu99;
				GCC_NO_COMMON_BLOCKS = YES;
				GCC_WARN_64_TO_32_BIT_CONVERSION = YES;
				GCC_WARN_ABOUT_RETURN_TYPE = YES_ERROR;
				GCC_WARN_UNDECLARED_SELECTOR = YES;
				GCC_WARN_UNINITIALIZED_AUTOS = YES_AGGRESSIVE;
				GCC_WARN_UNUSED_FUNCTION = YES;
				GCC_WARN_UNUSED_VARIABLE = YES;
				MACOSX_DEPLOYMENT_TARGET = 10.10;
				MTL_ENABLE_DEBUG_INFO = NO;
				SDKROOT = macosx;
			};
			name = Release;
		};
		F850CB5B1B660A3C00B62213 /* Debug */ = {
			isa = XCBuildConfiguration;
			buildSettings = {
				PRODUCT_NAME = "$(TARGET_NAME)";
			};
			name = Debug;
		};
		F850CB5C1B660A3C00B62213 /* Release */ = {
			isa = XCBuildConfiguration;
			buildSettings = {
				PRODUCT_NAME = "$(TARGET_NAME)";
			};
			name = Release;
		};
/* End XCBuildConfiguration section */

/* Begin XCConfigurationList section */
		F850CB4E1B660A3C00B62213 /* Build configuration list for PBXProject "Maze_routing" */ = {
			isa = XCConfigurationList;
			buildConfigurations = (
				F850CB581B660A3C00B62213 /* Debug */,
				F850CB591B660A3C00B62213 /* Release */,
			);
			defaultConfigurationIsVisible = 0;
			defaultConfigurationName = Release;
		};
		F850CB5A1B660A3C00B62213 /* Build configuration list for PBXNativeTarget "Maze_routing" */ = {
			isa = XCConfigurationList;
			buildConfigurations = (
				F850CB5B1B660A3C00B62213 /* Debug */,
				F850CB5C1B660A3C00B62213 /* Release */,
			);
			defaultConfigurationIsVisible = 0;
			defaultConfigurationName = Release;
		};
/* End XCConfigurationList section */
	};
	rootObject = F850CB4B1B660A3C00B62213 /* Project object */;
}
